
Microsoft Visual Studio Solution File, Format Version 12.00
# Visual Studio 15
VisualStudioVersion = 15.0.28307.645
MinimumVisualStudioVersion = 10.0.40219.1
Project("{FAE04EC0-301F-11D3-BF4B-00C04F79EFBC}") = "Week7.2", "Week7.2\Week7.2.csproj", "{B8A4ED1F-4BB6-44AA-8E77-2C8ADAFFA8A6}"
EndProject
Project("{FAE04EC0-301F-11D3-BF4B-00C04F79EFBC}") = "FuncDelegate", "FuncDelegate\FuncDelegate.csproj", "{00609770-3D96-4802-B0F4-4B28DB59F621}"
EndProject
Project("{FAE04EC0-301F-11D3-BF4B-00C04F79EFBC}") = "ActionDelegate", "ActionDelegate\ActionDelegate.csproj", "{11CA4462-FAA4-40F5-91E9-A4318C40724B}"
EndProject
Project("{FAE04EC0-301F-11D3-BF4B-00C04F79EFBC}") = "PredicateDelegate", "PredicateDelegate\PredicateDelegate.csproj", "{785D0498-2733-48EE-915F-D8B0C1F69745}"
EndProject
Project("{FAE04EC0-301F-11D3-BF4B-00C04F79EFBC}") = "Linq", "LinqLambdaExpressions\Linq.csproj", "{7704A6B5-EC1D-4B1E-84B9-5757C365410D}"
EndProject
Project("{FAE04EC0-301F-11D3-BF4B-00C04F79EFBC}") = "Week7.Linq", "Week07.Linq\Week7.Linq.csproj", "{F6C9B286-1083-483A-8C10-98DFD28056B3}"
EndProject
Project("{FAE04EC0-301F-11D3-BF4B-00C04F79EFBC}") = "Ex1StringBuilderSubstring", "StringBuilder\Ex1StringBuilderSubstring.csproj", "{C79E33B7-30F5-4A14-B5B3-789AF761871A}"
EndProject
Project("{FAE04EC0-301F-11D3-BF4B-00C04F79EFBC}") = "Ex2IEnumerableExtentions", "IEnumerableExtensions\Ex2IEnumerableExtentions.csproj", "{E9658DF7-E75D-4980-BDDE-2C33ECD4D0E5}"
EndProject
Project("{FAE04EC0-301F-11D3-BF4B-00C04F79EFBC}") = "Ex3Ex4Ex5", "Ex3Ex4Ex5\Ex3Ex4Ex5.csproj", "{FEBD86A8-DE59-48EB-BA56-22A0D83ABE42}"
EndProject
Project("{FAE04EC0-301F-11D3-BF4B-00C04F79EFBC}") = "DivisibleNumbers", "DivisibleNumbers\DivisibleNumbers.csproj", "{41B748DE-A8AF-4E3B-B5BF-A9B358D93276}"
EndProject
Project("{FAE04EC0-301F-11D3-BF4B-00C04F79EFBC}") = "StudentLinqPractice", "StudentLinqPractice\StudentLinqPractice.csproj", "{A1BC0DA2-AD50-41A5-A36F-19818F9BE241}"
EndProject
Project("{FAE04EC0-301F-11D3-BF4B-00C04F79EFBC}") = "LongestString", "LongestString\LongestString.csproj", "{62BB71B3-01F6-42BE-9BC7-F5EB401F6ADE}"
EndProject
Project("{FAE04EC0-301F-11D3-BF4B-00C04F79EFBC}") = "GroupedbyGroupNumber", "GroupedbyGroupNumber\GroupedbyGroupNumber.csproj", "{60F0C1DD-BE99-4ED3-A0CD-EACECB3B1B68}"
EndProject
Global
	GlobalSection(SolutionConfigurationPlatforms) = preSolution
		Debug|Any CPU = Debug|Any CPU
		Release|Any CPU = Release|Any CPU
	EndGlobalSection
	GlobalSection(ProjectConfigurationPlatforms) = postSolution
		{B8A4ED1F-4BB6-44AA-8E77-2C8ADAFFA8A6}.Debug|Any CPU.ActiveCfg = Debug|Any CPU
		{B8A4ED1F-4BB6-44AA-8E77-2C8ADAFFA8A6}.Debug|Any CPU.Build.0 = Debug|Any CPU
		{B8A4ED1F-4BB6-44AA-8E77-2C8ADAFFA8A6}.Release|Any CPU.ActiveCfg = Release|Any CPU
		{B8A4ED1F-4BB6-44AA-8E77-2C8ADAFFA8A6}.Release|Any CPU.Build.0 = Release|Any CPU
		{00609770-3D96-4802-B0F4-4B28DB59F621}.Debug|Any CPU.ActiveCfg = Debug|Any CPU
		{00609770-3D96-4802-B0F4-4B28DB59F621}.Debug|Any CPU.Build.0 = Debug|Any CPU
		{00609770-3D96-4802-B0F4-4B28DB59F621}.Release|Any CPU.ActiveCfg = Release|Any CPU
		{00609770-3D96-4802-B0F4-4B28DB59F621}.Release|Any CPU.Build.0 = Release|Any CPU
		{11CA4462-FAA4-40F5-91E9-A4318C40724B}.Debug|Any CPU.ActiveCfg = Debug|Any CPU
		{11CA4462-FAA4-40F5-91E9-A4318C40724B}.Debug|Any CPU.Build.0 = Debug|Any CPU
		{11CA4462-FAA4-40F5-91E9-A4318C40724B}.Release|Any CPU.ActiveCfg = Release|Any CPU
		{11CA4462-FAA4-40F5-91E9-A4318C40724B}.Release|Any CPU.Build.0 = Release|Any CPU
		{785D0498-2733-48EE-915F-D8B0C1F69745}.Debug|Any CPU.ActiveCfg = Debug|Any CPU
		{785D0498-2733-48EE-915F-D8B0C1F69745}.Debug|Any CPU.Build.0 = Debug|Any CPU
		{785D0498-2733-48EE-915F-D8B0C1F69745}.Release|Any CPU.ActiveCfg = Release|Any CPU
		{785D0498-2733-48EE-915F-D8B0C1F69745}.Release|Any CPU.Build.0 = Release|Any CPU
		{7704A6B5-EC1D-4B1E-84B9-5757C365410D}.Debug|Any CPU.ActiveCfg = Debug|Any CPU
		{7704A6B5-EC1D-4B1E-84B9-5757C365410D}.Debug|Any CPU.Build.0 = Debug|Any CPU
		{7704A6B5-EC1D-4B1E-84B9-5757C365410D}.Release|Any CPU.ActiveCfg = Release|Any CPU
		{7704A6B5-EC1D-4B1E-84B9-5757C365410D}.Release|Any CPU.Build.0 = Release|Any CPU
		{F6C9B286-1083-483A-8C10-98DFD28056B3}.Debug|Any CPU.ActiveCfg = Debug|Any CPU
		{F6C9B286-1083-483A-8C10-98DFD28056B3}.Debug|Any CPU.Build.0 = Debug|Any CPU
		{F6C9B286-1083-483A-8C10-98DFD28056B3}.Release|Any CPU.ActiveCfg = Release|Any CPU
		{F6C9B286-1083-483A-8C10-98DFD28056B3}.Release|Any CPU.Build.0 = Release|Any CPU
		{C79E33B7-30F5-4A14-B5B3-789AF761871A}.Debug|Any CPU.ActiveCfg = Debug|Any CPU
		{C79E33B7-30F5-4A14-B5B3-789AF761871A}.Debug|Any CPU.Build.0 = Debug|Any CPU
		{C79E33B7-30F5-4A14-B5B3-789AF761871A}.Release|Any CPU.ActiveCfg = Release|Any CPU
		{C79E33B7-30F5-4A14-B5B3-789AF761871A}.Release|Any CPU.Build.0 = Release|Any CPU
		{E9658DF7-E75D-4980-BDDE-2C33ECD4D0E5}.Debug|Any CPU.ActiveCfg = Debug|Any CPU
		{E9658DF7-E75D-4980-BDDE-2C33ECD4D0E5}.Debug|Any CPU.Build.0 = Debug|Any CPU
		{E9658DF7-E75D-4980-BDDE-2C33ECD4D0E5}.Release|Any CPU.ActiveCfg = Release|Any CPU
		{E9658DF7-E75D-4980-BDDE-2C33ECD4D0E5}.Release|Any CPU.Build.0 = Release|Any CPU
		{FEBD86A8-DE59-48EB-BA56-22A0D83ABE42}.Debug|Any CPU.ActiveCfg = Debug|Any CPU
		{FEBD86A8-DE59-48EB-BA56-22A0D83ABE42}.Debug|Any CPU.Build.0 = Debug|Any CPU
		{FEBD86A8-DE59-48EB-BA56-22A0D83ABE42}.Release|Any CPU.ActiveCfg = Release|Any CPU
		{FEBD86A8-DE59-48EB-BA56-22A0D83ABE42}.Release|Any CPU.Build.0 = Release|Any CPU
		{41B748DE-A8AF-4E3B-B5BF-A9B358D93276}.Debug|Any CPU.ActiveCfg = Debug|Any CPU
		{41B748DE-A8AF-4E3B-B5BF-A9B358D93276}.Debug|Any CPU.Build.0 = Debug|Any CPU
		{41B748DE-A8AF-4E3B-B5BF-A9B358D93276}.Release|Any CPU.ActiveCfg = Release|Any CPU
		{41B748DE-A8AF-4E3B-B5BF-A9B358D93276}.Release|Any CPU.Build.0 = Release|Any CPU
		{A1BC0DA2-AD50-41A5-A36F-19818F9BE241}.Debug|Any CPU.ActiveCfg = Debug|Any CPU
		{A1BC0DA2-AD50-41A5-A36F-19818F9BE241}.Debug|Any CPU.Build.0 = Debug|Any CPU
		{A1BC0DA2-AD50-41A5-A36F-19818F9BE241}.Release|Any CPU.ActiveCfg = Release|Any CPU
		{A1BC0DA2-AD50-41A5-A36F-19818F9BE241}.Release|Any CPU.Build.0 = Release|Any CPU
		{62BB71B3-01F6-42BE-9BC7-F5EB401F6ADE}.Debug|Any CPU.ActiveCfg = Debug|Any CPU
		{62BB71B3-01F6-42BE-9BC7-F5EB401F6ADE}.Debug|Any CPU.Build.0 = Debug|Any CPU
		{62BB71B3-01F6-42BE-9BC7-F5EB401F6ADE}.Release|Any CPU.ActiveCfg = Release|Any CPU
		{62BB71B3-01F6-42BE-9BC7-F5EB401F6ADE}.Release|Any CPU.Build.0 = Release|Any CPU
		{60F0C1DD-BE99-4ED3-A0CD-EACECB3B1B68}.Debug|Any CPU.ActiveCfg = Debug|Any CPU
		{60F0C1DD-BE99-4ED3-A0CD-EACECB3B1B68}.Debug|Any CPU.Build.0 = Debug|Any CPU
		{60F0C1DD-BE99-4ED3-A0CD-EACECB3B1B68}.Release|Any CPU.ActiveCfg = Release|Any CPU
		{60F0C1DD-BE99-4ED3-A0CD-EACECB3B1B68}.Release|Any CPU.Build.0 = Release|Any CPU
	EndGlobalSection
	GlobalSection(SolutionProperties) = preSolution
		HideSolutionNode = FALSE
	EndGlobalSection
	GlobalSection(ExtensibilityGlobals) = postSolution
		SolutionGuid = {F8CC5388-3268-4A5C-A78C-8E621D57DBBB}
	EndGlobalSection
EndGlobal
